
Microsoft Visual Studio Solution File, Format Version 12.00
# Visual Studio Version 17
VisualStudioVersion = 17.3.32922.545
MinimumVisualStudioVersion = 10.0.40219.1
Project("{9A19103F-16F7-4668-BE54-9A1E7A4F7556}") = "Linguine", "Linguine.csproj", "{03D005F9-DE85-48C5-8667-3D24B927E627}"
EndProject
Project("{9A19103F-16F7-4668-BE54-9A1E7A4F7556}") = "ExternalMedia", "..\ExternalMedia\ExternalMedia.csproj", "{B3656999-32B5-436E-A5AA-897DDD5F23B8}"
	ProjectSection(ProjectDependencies) = postProject
		{FD82422C-C715-4D0A-BF79-92FB5AF763BC} = {FD82422C-C715-4D0A-BF79-92FB5AF763BC}
	EndProjectSection
EndProject
Project("{9A19103F-16F7-4668-BE54-9A1E7A4F7556}") = "Tests_ExternalMedia", "..\Tests_ExternalMedia\Tests_ExternalMedia.csproj", "{B00D5F96-8AB8-49CC-BCDD-D9B7C0D6C316}"
EndProject
Project("{9A19103F-16F7-4668-BE54-9A1E7A4F7556}") = "UserInputInterfaces", "..\UserInputInterfaces\UserInputInterfaces.csproj", "{FD82422C-C715-4D0A-BF79-92FB5AF763BC}"
EndProject
Project("{9A19103F-16F7-4668-BE54-9A1E7A4F7556}") = "Infrastructure", "..\Infrastructure\Infrastructure.csproj", "{E01C458A-5897-4651-B652-F7C2AA21DE9F}"
EndProject
Project("{9A19103F-16F7-4668-BE54-9A1E7A4F7556}") = "Tests_Infrastructure", "..\Tests_Infrastructure\Tests_Infrastructure.csproj", "{D584132C-F8DC-4931-92A0-952BDDDE1FAA}"
EndProject
Project("{9A19103F-16F7-4668-BE54-9A1E7A4F7556}") = "LearningExtraction", "..\LearningExtraction\LearningExtraction.csproj", "{E9A7B2FB-0BD7-4515-8907-E4419895C323}"
EndProject
Project("{9A19103F-16F7-4668-BE54-9A1E7A4F7556}") = "Agents", "..\Agents\Agents.csproj", "{C33073E8-4A91-492C-8B46-191F2E9CA8B7}"
EndProject
Project("{9A19103F-16F7-4668-BE54-9A1E7A4F7556}") = "Tests_LearningExtraction", "..\Tests_LearningExtraction\Tests_LearningExtraction.csproj", "{0C843D1D-522B-496A-B0D2-FCA330945BAD}"
EndProject
Project("{9A19103F-16F7-4668-BE54-9A1E7A4F7556}") = "Helpers", "..\Helpers\Helpers.csproj", "{825EFED1-0B32-4CDE-BB89-24AA015E44F6}"
EndProject
Project("{9A19103F-16F7-4668-BE54-9A1E7A4F7556}") = "Tests_Helpers", "..\Tests_Helpers\Tests_Helpers.csproj", "{41950A64-7011-4697-9244-A9FE790F5100}"
EndProject
Project("{9A19103F-16F7-4668-BE54-9A1E7A4F7556}") = "Tests_Agents", "..\Tests_Agents\Tests_Agents.csproj", "{A6C7412C-17F8-4031-83DB-874EAE629340}"
EndProject
Global
	GlobalSection(SolutionConfigurationPlatforms) = preSolution
		Debug|Any CPU = Debug|Any CPU
		Release|Any CPU = Release|Any CPU
	EndGlobalSection
	GlobalSection(ProjectConfigurationPlatforms) = postSolution
		{03D005F9-DE85-48C5-8667-3D24B927E627}.Debug|Any CPU.ActiveCfg = Debug|Any CPU
		{03D005F9-DE85-48C5-8667-3D24B927E627}.Debug|Any CPU.Build.0 = Debug|Any CPU
		{03D005F9-DE85-48C5-8667-3D24B927E627}.Release|Any CPU.ActiveCfg = Release|Any CPU
		{03D005F9-DE85-48C5-8667-3D24B927E627}.Release|Any CPU.Build.0 = Release|Any CPU
		{B3656999-32B5-436E-A5AA-897DDD5F23B8}.Debug|Any CPU.ActiveCfg = Debug|Any CPU
		{B3656999-32B5-436E-A5AA-897DDD5F23B8}.Debug|Any CPU.Build.0 = Debug|Any CPU
		{B3656999-32B5-436E-A5AA-897DDD5F23B8}.Release|Any CPU.ActiveCfg = Release|Any CPU
		{B3656999-32B5-436E-A5AA-897DDD5F23B8}.Release|Any CPU.Build.0 = Release|Any CPU
		{B00D5F96-8AB8-49CC-BCDD-D9B7C0D6C316}.Debug|Any CPU.ActiveCfg = Debug|Any CPU
		{B00D5F96-8AB8-49CC-BCDD-D9B7C0D6C316}.Debug|Any CPU.Build.0 = Debug|Any CPU
		{B00D5F96-8AB8-49CC-BCDD-D9B7C0D6C316}.Release|Any CPU.ActiveCfg = Release|Any CPU
		{B00D5F96-8AB8-49CC-BCDD-D9B7C0D6C316}.Release|Any CPU.Build.0 = Release|Any CPU
		{FD82422C-C715-4D0A-BF79-92FB5AF763BC}.Debug|Any CPU.ActiveCfg = Debug|Any CPU
		{FD82422C-C715-4D0A-BF79-92FB5AF763BC}.Debug|Any CPU.Build.0 = Debug|Any CPU
		{FD82422C-C715-4D0A-BF79-92FB5AF763BC}.Release|Any CPU.ActiveCfg = Release|Any CPU
		{FD82422C-C715-4D0A-BF79-92FB5AF763BC}.Release|Any CPU.Build.0 = Release|Any CPU
		{E01C458A-5897-4651-B652-F7C2AA21DE9F}.Debug|Any CPU.ActiveCfg = Debug|Any CPU
		{E01C458A-5897-4651-B652-F7C2AA21DE9F}.Debug|Any CPU.Build.0 = Debug|Any CPU
		{E01C458A-5897-4651-B652-F7C2AA21DE9F}.Release|Any CPU.ActiveCfg = Release|Any CPU
		{E01C458A-5897-4651-B652-F7C2AA21DE9F}.Release|Any CPU.Build.0 = Release|Any CPU
		{D584132C-F8DC-4931-92A0-952BDDDE1FAA}.Debug|Any CPU.ActiveCfg = Debug|Any CPU
		{D584132C-F8DC-4931-92A0-952BDDDE1FAA}.Debug|Any CPU.Build.0 = Debug|Any CPU
		{D584132C-F8DC-4931-92A0-952BDDDE1FAA}.Release|Any CPU.ActiveCfg = Release|Any CPU
		{D584132C-F8DC-4931-92A0-952BDDDE1FAA}.Release|Any CPU.Build.0 = Release|Any CPU
		{E9A7B2FB-0BD7-4515-8907-E4419895C323}.Debug|Any CPU.ActiveCfg = Debug|Any CPU
		{E9A7B2FB-0BD7-4515-8907-E4419895C323}.Debug|Any CPU.Build.0 = Debug|Any CPU
		{E9A7B2FB-0BD7-4515-8907-E4419895C323}.Release|Any CPU.ActiveCfg = Release|Any CPU
		{E9A7B2FB-0BD7-4515-8907-E4419895C323}.Release|Any CPU.Build.0 = Release|Any CPU
		{C33073E8-4A91-492C-8B46-191F2E9CA8B7}.Debug|Any CPU.ActiveCfg = Debug|Any CPU
		{C33073E8-4A91-492C-8B46-191F2E9CA8B7}.Debug|Any CPU.Build.0 = Debug|Any CPU
		{C33073E8-4A91-492C-8B46-191F2E9CA8B7}.Release|Any CPU.ActiveCfg = Release|Any CPU
		{C33073E8-4A91-492C-8B46-191F2E9CA8B7}.Release|Any CPU.Build.0 = Release|Any CPU
		{0C843D1D-522B-496A-B0D2-FCA330945BAD}.Debug|Any CPU.ActiveCfg = Debug|Any CPU
		{0C843D1D-522B-496A-B0D2-FCA330945BAD}.Debug|Any CPU.Build.0 = Debug|Any CPU
		{0C843D1D-522B-496A-B0D2-FCA330945BAD}.Release|Any CPU.ActiveCfg = Release|Any CPU
		{0C843D1D-522B-496A-B0D2-FCA330945BAD}.Release|Any CPU.Build.0 = Release|Any CPU
		{825EFED1-0B32-4CDE-BB89-24AA015E44F6}.Debug|Any CPU.ActiveCfg = Debug|Any CPU
		{825EFED1-0B32-4CDE-BB89-24AA015E44F6}.Debug|Any CPU.Build.0 = Debug|Any CPU
		{825EFED1-0B32-4CDE-BB89-24AA015E44F6}.Release|Any CPU.ActiveCfg = Release|Any CPU
		{825EFED1-0B32-4CDE-BB89-24AA015E44F6}.Release|Any CPU.Build.0 = Release|Any CPU
		{41950A64-7011-4697-9244-A9FE790F5100}.Debug|Any CPU.ActiveCfg = Debug|Any CPU
		{41950A64-7011-4697-9244-A9FE790F5100}.Debug|Any CPU.Build.0 = Debug|Any CPU
		{41950A64-7011-4697-9244-A9FE790F5100}.Release|Any CPU.ActiveCfg = Release|Any CPU
		{41950A64-7011-4697-9244-A9FE790F5100}.Release|Any CPU.Build.0 = Release|Any CPU
		{A6C7412C-17F8-4031-83DB-874EAE629340}.Debug|Any CPU.ActiveCfg = Debug|Any CPU
		{A6C7412C-17F8-4031-83DB-874EAE629340}.Debug|Any CPU.Build.0 = Debug|Any CPU
		{A6C7412C-17F8-4031-83DB-874EAE629340}.Release|Any CPU.ActiveCfg = Release|Any CPU
		{A6C7412C-17F8-4031-83DB-874EAE629340}.Release|Any CPU.Build.0 = Release|Any CPU
	EndGlobalSection
	GlobalSection(SolutionProperties) = preSolution
		HideSolutionNode = FALSE
	EndGlobalSection
	GlobalSection(ExtensibilityGlobals) = postSolution
		SolutionGuid = {AEE38C96-C011-49A6-B4E4-676861139122}
	EndGlobalSection
EndGlobal
